
Microsoft Visual Studio Solution File, Format Version 12.00
# Visual Studio Version 17
VisualStudioVersion = 17.5.002.0
MinimumVisualStudioVersion = 10.0.40219.1
Project("{9A19103F-16F7-4668-BE54-9A1E7A4F7556}") = "PerfLibHelpers", "PerfLibHelpers.csproj", "{521C0179-0055-4F0E-BA1A-8D3595C69969}"
EndProject
Global
	GlobalSection(SolutionConfigurationPlatforms) = preSolution
		Debug|Any CPU = Debug|Any CPU
		Release|Any CPU = Release|Any CPU
	EndGlobalSection
	GlobalSection(ProjectConfigurationPlatforms) = postSolution
		{521C0179-0055-4F0E-BA1A-8D3595C69969}.Debug|Any CPU.ActiveCfg = Debug|Any CPU
		{521C0179-0055-4F0E-BA1A-8D3595C69969}.Debug|Any CPU.Build.0 = Debug|Any CPU
		{521C0179-0055-4F0E-BA1A-8D3595C69969}.Release|Any CPU.ActiveCfg = Release|Any CPU
		{521C0179-0055-4F0E-BA1A-8D3595C69969}.Release|Any CPU.Build.0 = Release|Any CPU
	EndGlobalSection
	GlobalSection(SolutionProperties) = preSolution
		HideSolutionNode = FALSE
	EndGlobalSection
	GlobalSection(ExtensibilityGlobals) = postSolution
		SolutionGuid = {5A62C22E-94EB-4B87-AC91-6BDB03FA5417}
	EndGlobalSection
EndGlobal
